
Microsoft Visual Studio Solution File, Format Version 12.00
# Visual Studio 2013
VisualStudioVersion = 12.0.40629.0
MinimumVisualStudioVersion = 10.0.40219.1
Project("{FAE04EC0-301F-11D3-BF4B-00C04F79EFBC}") = "Blog", "Blog.csproj", "{36175335-89F2-42BF-9325-8EDA7B412C20}"
EndProject
Global
	GlobalSection(SolutionConfigurationPlatforms) = preSolution
		Debug|Any CPU = Debug|Any CPU
		Release|Any CPU = Release|Any CPU
	EndGlobalSection
	GlobalSection(ProjectConfigurationPlatforms) = postSolution
		{36175335-89F2-42BF-9325-8EDA7B412C20}.Debug|Any CPU.ActiveCfg = Debug|Any CPU
		{36175335-89F2-42BF-9325-8EDA7B412C20}.Debug|Any CPU.Build.0 = Debug|Any CPU
		{36175335-89F2-42BF-9325-8EDA7B412C20}.Release|Any CPU.ActiveCfg = Debug|Any CPU
		{36175335-89F2-42BF-9325-8EDA7B412C20}.Release|Any CPU.Build.0 = Debug|Any CPU
	EndGlobalSection
	GlobalSection(SolutionProperties) = preSolution
		HideSolutionNode = FALSE
	EndGlobalSection
EndGlobal
